
Microsoft Visual Studio Solution File, Format Version 12.00
Project("{FAE04EC0-301F-11D3-BF4B-00C04F79EFBC}") = "QuickTicket.Core", "QuickTicket.Core\QuickTicket.Core.csproj", "{287961EF-E2A2-4A68-BB09-065216D6AE66}"
EndProject
Project("{FAE04EC0-301F-11D3-BF4B-00C04F79EFBC}") = "QuickTicket.Core.Tests", "QuickTicket.Core.Tests\QuickTicket.Core.Tests.csproj", "{0C09EA0D-D117-4A6D-8691-7EAE6397017A}"
EndProject
Project("{FAE04EC0-301F-11D3-BF4B-00C04F79EFBC}") = "QuickTicket.Organisers.Domain", "QuickTicket.Organisers.Domain\QuickTicket.Organisers.Domain.csproj", "{B99E984F-6EDC-48C9-8D9D-1DE07D9DB8C6}"
EndProject
Project("{2150E333-8FDC-42A3-9474-1A3956D46DE8}") = "Organisers", "Organisers", "{0A12173F-0A54-4B42-8487-07A3A9F60D0E}"
EndProject
Project("{FAE04EC0-301F-11D3-BF4B-00C04F79EFBC}") = "QuickTicket.Organisers.Host", "QuickTicket.Organisers.Host\QuickTicket.Organisers.Host.csproj", "{143453DB-DE07-47D8-904F-9229D5C69ACF}"
EndProject
Project("{FAE04EC0-301F-11D3-BF4B-00C04F79EFBC}") = "QuickTicket.Organisers.Commands", "QuickTicket.Organisers.Commands\QuickTicket.Organisers.Commands.csproj", "{8CB00544-4750-4ABB-8EBC-1A4FE487CE68}"
EndProject
Project("{FAE04EC0-301F-11D3-BF4B-00C04F79EFBC}") = "QuickTicket.Client", "QuickTicket.Client\QuickTicket.Client.csproj", "{ADD39663-0B3A-4C13-AB7A-978B8936A2A0}"
EndProject
Project("{FAE04EC0-301F-11D3-BF4B-00C04F79EFBC}") = "QuickTicket.Organisers.Infrastructure", "QuickTicket.Organisers.Infrastructure\QuickTicket.Organisers.Infrastructure.csproj", "{71E6B062-9E5A-479E-96BA-EA3D76970EFD}"
EndProject
Global
	GlobalSection(SolutionConfigurationPlatforms) = preSolution
		Debug|Any CPU = Debug|Any CPU
		Release|Any CPU = Release|Any CPU
	EndGlobalSection
	GlobalSection(ProjectConfigurationPlatforms) = postSolution
		{287961EF-E2A2-4A68-BB09-065216D6AE66}.Debug|Any CPU.ActiveCfg = Debug|Any CPU
		{287961EF-E2A2-4A68-BB09-065216D6AE66}.Debug|Any CPU.Build.0 = Debug|Any CPU
		{287961EF-E2A2-4A68-BB09-065216D6AE66}.Release|Any CPU.ActiveCfg = Release|Any CPU
		{287961EF-E2A2-4A68-BB09-065216D6AE66}.Release|Any CPU.Build.0 = Release|Any CPU
		{0C09EA0D-D117-4A6D-8691-7EAE6397017A}.Debug|Any CPU.ActiveCfg = Debug|Any CPU
		{0C09EA0D-D117-4A6D-8691-7EAE6397017A}.Debug|Any CPU.Build.0 = Debug|Any CPU
		{0C09EA0D-D117-4A6D-8691-7EAE6397017A}.Release|Any CPU.ActiveCfg = Release|Any CPU
		{0C09EA0D-D117-4A6D-8691-7EAE6397017A}.Release|Any CPU.Build.0 = Release|Any CPU
		{B99E984F-6EDC-48C9-8D9D-1DE07D9DB8C6}.Debug|Any CPU.ActiveCfg = Debug|Any CPU
		{B99E984F-6EDC-48C9-8D9D-1DE07D9DB8C6}.Debug|Any CPU.Build.0 = Debug|Any CPU
		{B99E984F-6EDC-48C9-8D9D-1DE07D9DB8C6}.Release|Any CPU.ActiveCfg = Release|Any CPU
		{B99E984F-6EDC-48C9-8D9D-1DE07D9DB8C6}.Release|Any CPU.Build.0 = Release|Any CPU
		{143453DB-DE07-47D8-904F-9229D5C69ACF}.Debug|Any CPU.ActiveCfg = Debug|Any CPU
		{143453DB-DE07-47D8-904F-9229D5C69ACF}.Debug|Any CPU.Build.0 = Debug|Any CPU
		{143453DB-DE07-47D8-904F-9229D5C69ACF}.Release|Any CPU.ActiveCfg = Release|Any CPU
		{143453DB-DE07-47D8-904F-9229D5C69ACF}.Release|Any CPU.Build.0 = Release|Any CPU
		{8CB00544-4750-4ABB-8EBC-1A4FE487CE68}.Debug|Any CPU.ActiveCfg = Debug|Any CPU
		{8CB00544-4750-4ABB-8EBC-1A4FE487CE68}.Debug|Any CPU.Build.0 = Debug|Any CPU
		{8CB00544-4750-4ABB-8EBC-1A4FE487CE68}.Release|Any CPU.ActiveCfg = Release|Any CPU
		{8CB00544-4750-4ABB-8EBC-1A4FE487CE68}.Release|Any CPU.Build.0 = Release|Any CPU
		{ADD39663-0B3A-4C13-AB7A-978B8936A2A0}.Debug|Any CPU.ActiveCfg = Debug|Any CPU
		{ADD39663-0B3A-4C13-AB7A-978B8936A2A0}.Debug|Any CPU.Build.0 = Debug|Any CPU
		{ADD39663-0B3A-4C13-AB7A-978B8936A2A0}.Release|Any CPU.ActiveCfg = Release|Any CPU
		{ADD39663-0B3A-4C13-AB7A-978B8936A2A0}.Release|Any CPU.Build.0 = Release|Any CPU
		{71E6B062-9E5A-479E-96BA-EA3D76970EFD}.Debug|Any CPU.ActiveCfg = Debug|Any CPU
		{71E6B062-9E5A-479E-96BA-EA3D76970EFD}.Debug|Any CPU.Build.0 = Debug|Any CPU
		{71E6B062-9E5A-479E-96BA-EA3D76970EFD}.Release|Any CPU.ActiveCfg = Release|Any CPU
		{71E6B062-9E5A-479E-96BA-EA3D76970EFD}.Release|Any CPU.Build.0 = Release|Any CPU
	EndGlobalSection
	GlobalSection(NestedProjects) = preSolution
		{B99E984F-6EDC-48C9-8D9D-1DE07D9DB8C6} = {0A12173F-0A54-4B42-8487-07A3A9F60D0E}
		{143453DB-DE07-47D8-904F-9229D5C69ACF} = {0A12173F-0A54-4B42-8487-07A3A9F60D0E}
		{8CB00544-4750-4ABB-8EBC-1A4FE487CE68} = {0A12173F-0A54-4B42-8487-07A3A9F60D0E}
		{71E6B062-9E5A-479E-96BA-EA3D76970EFD} = {0A12173F-0A54-4B42-8487-07A3A9F60D0E}
	EndGlobalSection
EndGlobal
